
Microsoft Visual Studio Solution File, Format Version 12.00
# Visual Studio Version 16
VisualStudioVersion = 16.0.30204.135
MinimumVisualStudioVersion = 10.0.40219.1
Project("{FAE04EC0-301F-11D3-BF4B-00C04F79EFBC}") = "ProXamTabs", "ProXamTabs\ProXamTabs.csproj", "{1CDFFFC7-FD20-429C-8BF8-E4A0494194A5}"
EndProject
Project("{FAE04EC0-301F-11D3-BF4B-00C04F79EFBC}") = "ProXamTabsSample.UWP", "ProXamTabsSample\ProXamTabsSample.UWP\ProXamTabsSample.UWP.csproj", "{70E66CB2-6FF8-4261-836C-AEC7BA46AD56}"
EndProject
Project("{FAE04EC0-301F-11D3-BF4B-00C04F79EFBC}") = "ProXamTabsSample.Android", "ProXamTabsSample\ProXamTabsSample.Android\ProXamTabsSample.Android.csproj", "{AC6694E5-33C8-4278-BFDB-F6B878AAEFE5}"
EndProject
Project("{FAE04EC0-301F-11D3-BF4B-00C04F79EFBC}") = "ProXamTabsSample.iOS", "ProXamTabsSample\ProXamTabsSample.iOS\ProXamTabsSample.iOS.csproj", "{BAFF7E18-C107-4450-9896-C4677924A24F}"
EndProject
Project("{FAE04EC0-301F-11D3-BF4B-00C04F79EFBC}") = "ProXamTabsSample", "ProXamTabsSample\ProXamTabsSample\ProXamTabsSample.csproj", "{D3AAC720-F832-4EB5-9BA0-0286A1D2DB20}"
EndProject
Global
	GlobalSection(SolutionConfigurationPlatforms) = preSolution
		Debug|Any CPU = Debug|Any CPU
		Debug|ARM = Debug|ARM
		Debug|iPhone = Debug|iPhone
		Debug|iPhoneSimulator = Debug|iPhoneSimulator
		Debug|x64 = Debug|x64
		Debug|x86 = Debug|x86
		Release|Any CPU = Release|Any CPU
		Release|ARM = Release|ARM
		Release|iPhone = Release|iPhone
		Release|iPhoneSimulator = Release|iPhoneSimulator
		Release|x64 = Release|x64
		Release|x86 = Release|x86
	EndGlobalSection
	GlobalSection(ProjectConfigurationPlatforms) = postSolution
		{1CDFFFC7-FD20-429C-8BF8-E4A0494194A5}.Debug|Any CPU.ActiveCfg = Debug|Any CPU
		{1CDFFFC7-FD20-429C-8BF8-E4A0494194A5}.Debug|Any CPU.Build.0 = Debug|Any CPU
		{1CDFFFC7-FD20-429C-8BF8-E4A0494194A5}.Debug|ARM.ActiveCfg = Debug|Any CPU
		{1CDFFFC7-FD20-429C-8BF8-E4A0494194A5}.Debug|ARM.Build.0 = Debug|Any CPU
		{1CDFFFC7-FD20-429C-8BF8-E4A0494194A5}.Debug|iPhone.ActiveCfg = Debug|Any CPU
		{1CDFFFC7-FD20-429C-8BF8-E4A0494194A5}.Debug|iPhone.Build.0 = Debug|Any CPU
		{1CDFFFC7-FD20-429C-8BF8-E4A0494194A5}.Debug|iPhoneSimulator.ActiveCfg = Debug|Any CPU
		{1CDFFFC7-FD20-429C-8BF8-E4A0494194A5}.Debug|iPhoneSimulator.Build.0 = Debug|Any CPU
		{1CDFFFC7-FD20-429C-8BF8-E4A0494194A5}.Debug|x64.ActiveCfg = Debug|Any CPU
		{1CDFFFC7-FD20-429C-8BF8-E4A0494194A5}.Debug|x64.Build.0 = Debug|Any CPU
		{1CDFFFC7-FD20-429C-8BF8-E4A0494194A5}.Debug|x86.ActiveCfg = Debug|Any CPU
		{1CDFFFC7-FD20-429C-8BF8-E4A0494194A5}.Debug|x86.Build.0 = Debug|Any CPU
		{1CDFFFC7-FD20-429C-8BF8-E4A0494194A5}.Release|Any CPU.ActiveCfg = Release|Any CPU
		{1CDFFFC7-FD20-429C-8BF8-E4A0494194A5}.Release|Any CPU.Build.0 = Release|Any CPU
		{1CDFFFC7-FD20-429C-8BF8-E4A0494194A5}.Release|ARM.ActiveCfg = Release|Any CPU
		{1CDFFFC7-FD20-429C-8BF8-E4A0494194A5}.Release|ARM.Build.0 = Release|Any CPU
		{1CDFFFC7-FD20-429C-8BF8-E4A0494194A5}.Release|iPhone.ActiveCfg = Release|Any CPU
		{1CDFFFC7-FD20-429C-8BF8-E4A0494194A5}.Release|iPhone.Build.0 = Release|Any CPU
		{1CDFFFC7-FD20-429C-8BF8-E4A0494194A5}.Release|iPhoneSimulator.ActiveCfg = Release|Any CPU
		{1CDFFFC7-FD20-429C-8BF8-E4A0494194A5}.Release|iPhoneSimulator.Build.0 = Release|Any CPU
		{1CDFFFC7-FD20-429C-8BF8-E4A0494194A5}.Release|x64.ActiveCfg = Release|Any CPU
		{1CDFFFC7-FD20-429C-8BF8-E4A0494194A5}.Release|x64.Build.0 = Release|Any CPU
		{1CDFFFC7-FD20-429C-8BF8-E4A0494194A5}.Release|x86.ActiveCfg = Release|Any CPU
		{1CDFFFC7-FD20-429C-8BF8-E4A0494194A5}.Release|x86.Build.0 = Release|Any CPU
		{70E66CB2-6FF8-4261-836C-AEC7BA46AD56}.Debug|Any CPU.ActiveCfg = Debug|x86
		{70E66CB2-6FF8-4261-836C-AEC7BA46AD56}.Debug|ARM.ActiveCfg = Debug|ARM
		{70E66CB2-6FF8-4261-836C-AEC7BA46AD56}.Debug|ARM.Build.0 = Debug|ARM
		{70E66CB2-6FF8-4261-836C-AEC7BA46AD56}.Debug|ARM.Deploy.0 = Debug|ARM
		{70E66CB2-6FF8-4261-836C-AEC7BA46AD56}.Debug|iPhone.ActiveCfg = Debug|x86
		{70E66CB2-6FF8-4261-836C-AEC7BA46AD56}.Debug|iPhoneSimulator.ActiveCfg = Debug|x86
		{70E66CB2-6FF8-4261-836C-AEC7BA46AD56}.Debug|x64.ActiveCfg = Debug|x64
		{70E66CB2-6FF8-4261-836C-AEC7BA46AD56}.Debug|x64.Build.0 = Debug|x64
		{70E66CB2-6FF8-4261-836C-AEC7BA46AD56}.Debug|x64.Deploy.0 = Debug|x64
		{70E66CB2-6FF8-4261-836C-AEC7BA46AD56}.Debug|x86.ActiveCfg = Debug|x86
		{70E66CB2-6FF8-4261-836C-AEC7BA46AD56}.Debug|x86.Build.0 = Debug|x86
		{70E66CB2-6FF8-4261-836C-AEC7BA46AD56}.Debug|x86.Deploy.0 = Debug|x86
		{70E66CB2-6FF8-4261-836C-AEC7BA46AD56}.Release|Any CPU.ActiveCfg = Release|x86
		{70E66CB2-6FF8-4261-836C-AEC7BA46AD56}.Release|ARM.ActiveCfg = Release|ARM
		{70E66CB2-6FF8-4261-836C-AEC7BA46AD56}.Release|ARM.Build.0 = Release|ARM
		{70E66CB2-6FF8-4261-836C-AEC7BA46AD56}.Release|ARM.Deploy.0 = Release|ARM
		{70E66CB2-6FF8-4261-836C-AEC7BA46AD56}.Release|iPhone.ActiveCfg = Release|x86
		{70E66CB2-6FF8-4261-836C-AEC7BA46AD56}.Release|iPhoneSimulator.ActiveCfg = Release|x86
		{70E66CB2-6FF8-4261-836C-AEC7BA46AD56}.Release|x64.ActiveCfg = Release|x64
		{70E66CB2-6FF8-4261-836C-AEC7BA46AD56}.Release|x64.Build.0 = Release|x64
		{70E66CB2-6FF8-4261-836C-AEC7BA46AD56}.Release|x64.Deploy.0 = Release|x64
		{70E66CB2-6FF8-4261-836C-AEC7BA46AD56}.Release|x86.ActiveCfg = Release|x86
		{70E66CB2-6FF8-4261-836C-AEC7BA46AD56}.Release|x86.Build.0 = Release|x86
		{70E66CB2-6FF8-4261-836C-AEC7BA46AD56}.Release|x86.Deploy.0 = Release|x86
		{AC6694E5-33C8-4278-BFDB-F6B878AAEFE5}.Debug|Any CPU.ActiveCfg = Debug|Any CPU
		{AC6694E5-33C8-4278-BFDB-F6B878AAEFE5}.Debug|Any CPU.Build.0 = Debug|Any CPU
		{AC6694E5-33C8-4278-BFDB-F6B878AAEFE5}.Debug|Any CPU.Deploy.0 = Debug|Any CPU
		{AC6694E5-33C8-4278-BFDB-F6B878AAEFE5}.Debug|ARM.ActiveCfg = Debug|Any CPU
		{AC6694E5-33C8-4278-BFDB-F6B878AAEFE5}.Debug|ARM.Build.0 = Debug|Any CPU
		{AC6694E5-33C8-4278-BFDB-F6B878AAEFE5}.Debug|ARM.Deploy.0 = Debug|Any CPU
		{AC6694E5-33C8-4278-BFDB-F6B878AAEFE5}.Debug|iPhone.ActiveCfg = Debug|Any CPU
		{AC6694E5-33C8-4278-BFDB-F6B878AAEFE5}.Debug|iPhone.Build.0 = Debug|Any CPU
		{AC6694E5-33C8-4278-BFDB-F6B878AAEFE5}.Debug|iPhone.Deploy.0 = Debug|Any CPU
		{AC6694E5-33C8-4278-BFDB-F6B878AAEFE5}.Debug|iPhoneSimulator.ActiveCfg = Debug|Any CPU
		{AC6694E5-33C8-4278-BFDB-F6B878AAEFE5}.Debug|iPhoneSimulator.Build.0 = Debug|Any CPU
		{AC6694E5-33C8-4278-BFDB-F6B878AAEFE5}.Debug|iPhoneSimulator.Deploy.0 = Debug|Any CPU
		{AC6694E5-33C8-4278-BFDB-F6B878AAEFE5}.Debug|x64.ActiveCfg = Debug|Any CPU
		{AC6694E5-33C8-4278-BFDB-F6B878AAEFE5}.Debug|x64.Build.0 = Debug|Any CPU
		{AC6694E5-33C8-4278-BFDB-F6B878AAEFE5}.Debug|x64.Deploy.0 = Debug|Any CPU
		{AC6694E5-33C8-4278-BFDB-F6B878AAEFE5}.Debug|x86.ActiveCfg = Debug|Any CPU
		{AC6694E5-33C8-4278-BFDB-F6B878AAEFE5}.Debug|x86.Build.0 = Debug|Any CPU
		{AC6694E5-33C8-4278-BFDB-F6B878AAEFE5}.Debug|x86.Deploy.0 = Debug|Any CPU
		{AC6694E5-33C8-4278-BFDB-F6B878AAEFE5}.Release|Any CPU.ActiveCfg = Release|Any CPU
		{AC6694E5-33C8-4278-BFDB-F6B878AAEFE5}.Release|Any CPU.Build.0 = Release|Any CPU
		{AC6694E5-33C8-4278-BFDB-F6B878AAEFE5}.Release|Any CPU.Deploy.0 = Release|Any CPU
		{AC6694E5-33C8-4278-BFDB-F6B878AAEFE5}.Release|ARM.ActiveCfg = Release|Any CPU
		{AC6694E5-33C8-4278-BFDB-F6B878AAEFE5}.Release|ARM.Build.0 = Release|Any CPU
		{AC6694E5-33C8-4278-BFDB-F6B878AAEFE5}.Release|ARM.Deploy.0 = Release|Any CPU
		{AC6694E5-33C8-4278-BFDB-F6B878AAEFE5}.Release|iPhone.ActiveCfg = Release|Any CPU
		{AC6694E5-33C8-4278-BFDB-F6B878AAEFE5}.Release|iPhone.Build.0 = Release|Any CPU
		{AC6694E5-33C8-4278-BFDB-F6B878AAEFE5}.Release|iPhone.Deploy.0 = Release|Any CPU
		{AC6694E5-33C8-4278-BFDB-F6B878AAEFE5}.Release|iPhoneSimulator.ActiveCfg = Release|Any CPU
		{AC6694E5-33C8-4278-BFDB-F6B878AAEFE5}.Release|iPhoneSimulator.Build.0 = Release|Any CPU
		{AC6694E5-33C8-4278-BFDB-F6B878AAEFE5}.Release|iPhoneSimulator.Deploy.0 = Release|Any CPU
		{AC6694E5-33C8-4278-BFDB-F6B878AAEFE5}.Release|x64.ActiveCfg = Release|Any CPU
		{AC6694E5-33C8-4278-BFDB-F6B878AAEFE5}.Release|x64.Build.0 = Release|Any CPU
		{AC6694E5-33C8-4278-BFDB-F6B878AAEFE5}.Release|x64.Deploy.0 = Release|Any CPU
		{AC6694E5-33C8-4278-BFDB-F6B878AAEFE5}.Release|x86.ActiveCfg = Release|Any CPU
		{AC6694E5-33C8-4278-BFDB-F6B878AAEFE5}.Release|x86.Build.0 = Release|Any CPU
		{AC6694E5-33C8-4278-BFDB-F6B878AAEFE5}.Release|x86.Deploy.0 = Release|Any CPU
		{BAFF7E18-C107-4450-9896-C4677924A24F}.Debug|Any CPU.ActiveCfg = Debug|iPhone
		{BAFF7E18-C107-4450-9896-C4677924A24F}.Debug|ARM.ActiveCfg = Debug|iPhone
		{BAFF7E18-C107-4450-9896-C4677924A24F}.Debug|iPhone.ActiveCfg = Debug|iPhone
		{BAFF7E18-C107-4450-9896-C4677924A24F}.Debug|iPhone.Build.0 = Debug|iPhone
		{BAFF7E18-C107-4450-9896-C4677924A24F}.Debug|iPhoneSimulator.ActiveCfg = Debug|iPhoneSimulator
		{BAFF7E18-C107-4450-9896-C4677924A24F}.Debug|iPhoneSimulator.Build.0 = Debug|iPhoneSimulator
		{BAFF7E18-C107-4450-9896-C4677924A24F}.Debug|x64.ActiveCfg = Debug|iPhone
		{BAFF7E18-C107-4450-9896-C4677924A24F}.Debug|x86.ActiveCfg = Debug|iPhone
		{BAFF7E18-C107-4450-9896-C4677924A24F}.Release|Any CPU.ActiveCfg = Release|iPhone
		{BAFF7E18-C107-4450-9896-C4677924A24F}.Release|ARM.ActiveCfg = Release|iPhone
		{BAFF7E18-C107-4450-9896-C4677924A24F}.Release|iPhone.ActiveCfg = Release|iPhone
		{BAFF7E18-C107-4450-9896-C4677924A24F}.Release|iPhone.Build.0 = Release|iPhone
		{BAFF7E18-C107-4450-9896-C4677924A24F}.Release|iPhoneSimulator.ActiveCfg = Release|iPhoneSimulator
		{BAFF7E18-C107-4450-9896-C4677924A24F}.Release|iPhoneSimulator.Build.0 = Release|iPhoneSimulator
		{BAFF7E18-C107-4450-9896-C4677924A24F}.Release|x64.ActiveCfg = Release|iPhone
		{BAFF7E18-C107-4450-9896-C4677924A24F}.Release|x86.ActiveCfg = Release|iPhone
		{D3AAC720-F832-4EB5-9BA0-0286A1D2DB20}.Debug|Any CPU.ActiveCfg = Debug|Any CPU
		{D3AAC720-F832-4EB5-9BA0-0286A1D2DB20}.Debug|Any CPU.Build.0 = Debug|Any CPU
		{D3AAC720-F832-4EB5-9BA0-0286A1D2DB20}.Debug|ARM.ActiveCfg = Debug|Any CPU
		{D3AAC720-F832-4EB5-9BA0-0286A1D2DB20}.Debug|ARM.Build.0 = Debug|Any CPU
		{D3AAC720-F832-4EB5-9BA0-0286A1D2DB20}.Debug|iPhone.ActiveCfg = Debug|Any CPU
		{D3AAC720-F832-4EB5-9BA0-0286A1D2DB20}.Debug|iPhone.Build.0 = Debug|Any CPU
		{D3AAC720-F832-4EB5-9BA0-0286A1D2DB20}.Debug|iPhoneSimulator.ActiveCfg = Debug|Any CPU
		{D3AAC720-F832-4EB5-9BA0-0286A1D2DB20}.Debug|iPhoneSimulator.Build.0 = Debug|Any CPU
		{D3AAC720-F832-4EB5-9BA0-0286A1D2DB20}.Debug|x64.ActiveCfg = Debug|Any CPU
		{D3AAC720-F832-4EB5-9BA0-0286A1D2DB20}.Debug|x64.Build.0 = Debug|Any CPU
		{D3AAC720-F832-4EB5-9BA0-0286A1D2DB20}.Debug|x86.ActiveCfg = Debug|Any CPU
		{D3AAC720-F832-4EB5-9BA0-0286A1D2DB20}.Debug|x86.Build.0 = Debug|Any CPU
		{D3AAC720-F832-4EB5-9BA0-0286A1D2DB20}.Release|Any CPU.ActiveCfg = Release|Any CPU
		{D3AAC720-F832-4EB5-9BA0-0286A1D2DB20}.Release|Any CPU.Build.0 = Release|Any CPU
		{D3AAC720-F832-4EB5-9BA0-0286A1D2DB20}.Release|ARM.ActiveCfg = Release|Any CPU
		{D3AAC720-F832-4EB5-9BA0-0286A1D2DB20}.Release|ARM.Build.0 = Release|Any CPU
		{D3AAC720-F832-4EB5-9BA0-0286A1D2DB20}.Release|iPhone.ActiveCfg = Release|Any CPU
		{D3AAC720-F832-4EB5-9BA0-0286A1D2DB20}.Release|iPhone.Build.0 = Release|Any CPU
		{D3AAC720-F832-4EB5-9BA0-0286A1D2DB20}.Release|iPhoneSimulator.ActiveCfg = Release|Any CPU
		{D3AAC720-F832-4EB5-9BA0-0286A1D2DB20}.Release|iPhoneSimulator.Build.0 = Release|Any CPU
		{D3AAC720-F832-4EB5-9BA0-0286A1D2DB20}.Release|x64.ActiveCfg = Release|Any CPU
		{D3AAC720-F832-4EB5-9BA0-0286A1D2DB20}.Release|x64.Build.0 = Release|Any CPU
		{D3AAC720-F832-4EB5-9BA0-0286A1D2DB20}.Release|x86.ActiveCfg = Release|Any CPU
		{D3AAC720-F832-4EB5-9BA0-0286A1D2DB20}.Release|x86.Build.0 = Release|Any CPU
	EndGlobalSection
	GlobalSection(SolutionProperties) = preSolution
		HideSolutionNode = FALSE
	EndGlobalSection
	GlobalSection(ExtensibilityGlobals) = postSolution
		SolutionGuid = {3D86780C-55FC-4E40-8DD5-BC826719EA31}
	EndGlobalSection
EndGlobal
